
Microsoft Visual Studio Solution File, Format Version 12.00
# Visual Studio 15
VisualStudioVersion = 15.0.28307.489
MinimumVisualStudioVersion = 10.0.40219.1
Project("{9A19103F-16F7-4668-BE54-9A1E7A4F7556}") = "PeerReview.Server", "PeerReview.Server\PeerReview.Server.csproj", "{FF5891E1-AF07-4790-8D58-FBC29F3AD59B}"
EndProject
Project("{9A19103F-16F7-4668-BE54-9A1E7A4F7556}") = "PeerReview.Core", "PeerReview\PeerReview.Core.csproj", "{2F965626-E6C3-4FA7-BD5D-49A3DFBC569C}"
EndProject
Global
	GlobalSection(SolutionConfigurationPlatforms) = preSolution
		Debug|Any CPU = Debug|Any CPU
		Release|Any CPU = Release|Any CPU
	EndGlobalSection
	GlobalSection(ProjectConfigurationPlatforms) = postSolution
		{FF5891E1-AF07-4790-8D58-FBC29F3AD59B}.Debug|Any CPU.ActiveCfg = Debug|Any CPU
		{FF5891E1-AF07-4790-8D58-FBC29F3AD59B}.Debug|Any CPU.Build.0 = Debug|Any CPU
		{FF5891E1-AF07-4790-8D58-FBC29F3AD59B}.Release|Any CPU.ActiveCfg = Release|Any CPU
		{FF5891E1-AF07-4790-8D58-FBC29F3AD59B}.Release|Any CPU.Build.0 = Release|Any CPU
		{2F965626-E6C3-4FA7-BD5D-49A3DFBC569C}.Debug|Any CPU.ActiveCfg = Debug|Any CPU
		{2F965626-E6C3-4FA7-BD5D-49A3DFBC569C}.Debug|Any CPU.Build.0 = Debug|Any CPU
		{2F965626-E6C3-4FA7-BD5D-49A3DFBC569C}.Release|Any CPU.ActiveCfg = Release|Any CPU
		{2F965626-E6C3-4FA7-BD5D-49A3DFBC569C}.Release|Any CPU.Build.0 = Release|Any CPU
	EndGlobalSection
	GlobalSection(SolutionProperties) = preSolution
		HideSolutionNode = FALSE
	EndGlobalSection
	GlobalSection(ExtensibilityGlobals) = postSolution
		SolutionGuid = {052C6136-4348-4D2D-8776-C38D207C6F9A}
	EndGlobalSection
EndGlobal
